// !$*UTF8*$!
{
	archiveVersion = 1;
	classes = {
	};
	objectVersion = 48;
	objects = {

/* Begin PBXBuildFile section */
		5D0E42CF1FE9A55B008253ED /* Death Scene.swift in Sources */ = {isa = PBXBuildFile; fileRef = 5D0E42CE1FE9A55B008253ED /* Death Scene.swift */; };
		5D3EBC571FA256B200DB3E70 /* AppDelegate.swift in Sources */ = {isa = PBXBuildFile; fileRef = 5D3EBC561FA256B200DB3E70 /* AppDelegate.swift */; };
		5D3EBC591FA256B200DB3E70 /* ViewController.swift in Sources */ = {isa = PBXBuildFile; fileRef = 5D3EBC581FA256B200DB3E70 /* ViewController.swift */; };
		5D3EBC5C1FA256B200DB3E70 /* Main.storyboard in Resources */ = {isa = PBXBuildFile; fileRef = 5D3EBC5A1FA256B200DB3E70 /* Main.storyboard */; };
		5D3EBC5E1FA256B200DB3E70 /* Assets.xcassets in Resources */ = {isa = PBXBuildFile; fileRef = 5D3EBC5D1FA256B200DB3E70 /* Assets.xcassets */; };
		5D3EBC611FA256B200DB3E70 /* LaunchScreen.storyboard in Resources */ = {isa = PBXBuildFile; fileRef = 5D3EBC5F1FA256B200DB3E70 /* LaunchScreen.storyboard */; };
		5D3EBC6F1FA25B3B00DB3E70 /* CreativityController.swift in Sources */ = {isa = PBXBuildFile; fileRef = 5D3EBC6E1FA25B3B00DB3E70 /* CreativityController.swift */; };
		5D3EBC711FA25B7E00DB3E70 /* AbstractionController.swift in Sources */ = {isa = PBXBuildFile; fileRef = 5D3EBC701FA25B7E00DB3E70 /* AbstractionController.swift */; };
		5D3EBC731FA25B9D00DB3E70 /* DataAndInfoController.swift in Sources */ = {isa = PBXBuildFile; fileRef = 5D3EBC721FA25B9D00DB3E70 /* DataAndInfoController.swift */; };
		5D3EBC751FA25BBC00DB3E70 /* AlgorithmsController.swift in Sources */ = {isa = PBXBuildFile; fileRef = 5D3EBC741FA25BBC00DB3E70 /* AlgorithmsController.swift */; };
		5D3EBC771FA25BCC00DB3E70 /* ProgrammingController.swift in Sources */ = {isa = PBXBuildFile; fileRef = 5D3EBC761FA25BCC00DB3E70 /* ProgrammingController.swift */; };
		5D3EBC791FA25C0600DB3E70 /* InternetMasterController.swift in Sources */ = {isa = PBXBuildFile; fileRef = 5D3EBC781FA25C0600DB3E70 /* InternetMasterController.swift */; };
		5D3EBC7B1FA25C1B00DB3E70 /* GlobalImpactController.swift in Sources */ = {isa = PBXBuildFile; fileRef = 5D3EBC7A1FA25C1B00DB3E70 /* GlobalImpactController.swift */; };
		5D7035181FD9D3730096AF05 /* ArtCell.swift in Sources */ = {isa = PBXBuildFile; fileRef = 5D7035171FD9D3730096AF05 /* ArtCell.swift */; };
		5D73FBEE1FD72A19005B74BD /* DrawingView.swift in Sources */ = {isa = PBXBuildFile; fileRef = 5D73FBED1FD72A19005B74BD /* DrawingView.swift */; };
		5D7A6D871FCF39BA004F070A /* InternetDetailViewController.swift in Sources */ = {isa = PBXBuildFile; fileRef = 5D7A6D861FCF39BA004F070A /* InternetDetailViewController.swift */; };
		5D7A6D8A1FCF3B97004F070A /* WebKit.framework in Frameworks */ = {isa = PBXBuildFile; fileRef = 5D7A6D891FCF3B97004F070A /* WebKit.framework */; settings = {ATTRIBUTES = (Required, ); }; };
		5D7A76231FC35FCB00EE2068 /* Collectable.swift in Sources */ = {isa = PBXBuildFile; fileRef = 5D7A76221FC35FCB00EE2068 /* Collectable.swift */; };
		5D7A76251FC3604800EE2068 /* Pokemon.swift in Sources */ = {isa = PBXBuildFile; fileRef = 5D7A76241FC3604800EE2068 /* Pokemon.swift */; };
		5DF3EF821FE1AB0B00A12B3C /* StartScene.swift in Sources */ = {isa = PBXBuildFile; fileRef = 5DF3EF7F1FE1AB0B00A12B3C /* StartScene.swift */; };
		5DF3EF831FE1AB0B00A12B3C /* GameScene.swift in Sources */ = {isa = PBXBuildFile; fileRef = 5DF3EF801FE1AB0B00A12B3C /* GameScene.swift */; };
		5DF3EF841FE1AB0B00A12B3C /* LevelCompleteScene.swift in Sources */ = {isa = PBXBuildFile; fileRef = 5DF3EF811FE1AB0B00A12B3C /* LevelCompleteScene.swift */; };
		5DF3EF8B1FE1ADA700A12B3C /* extra sound.mp3 in Resources */ = {isa = PBXBuildFile; fileRef = 5DF3EF861FE1ADA700A12B3C /* extra sound.mp3 */; };
		5DF3EF8C1FE1ADA700A12B3C /* invader sound.mp3 in Resources */ = {isa = PBXBuildFile; fileRef = 5DF3EF871FE1ADA700A12B3C /* invader sound.mp3 */; };
		5DF3EF8D1FE1ADA700A12B3C /* boss sound.mp3 in Resources */ = {isa = PBXBuildFile; fileRef = 5DF3EF881FE1ADA700A12B3C /* boss sound.mp3 */; };
		5DF3EF8E1FE1ADA700A12B3C /* laser sound.mp3 in Resources */ = {isa = PBXBuildFile; fileRef = 5DF3EF891FE1ADA700A12B3C /* laser sound.mp3 */; };
		5DF3EF8F1FE1ADA700A12B3C /* powerup sound.mp3 in Resources */ = {isa = PBXBuildFile; fileRef = 5DF3EF8A1FE1ADA700A12B3C /* powerup sound.mp3 */; };
		5DF3EF921FE1AECB00A12B3C /* Utilities.swift in Sources */ = {isa = PBXBuildFile; fileRef = 5DF3EF911FE1AECB00A12B3C /* Utilities.swift */; };
		5DF3EF941FE1AF6100A12B3C /* StarField.sks in Resources */ = {isa = PBXBuildFile; fileRef = 5DF3EF931FE1AF6100A12B3C /* StarField.sks */; };
		5DF3EF9A1FE1AFC900A12B3C /* Player.swift in Sources */ = {isa = PBXBuildFile; fileRef = 5DF3EF951FE1AFC900A12B3C /* Player.swift */; };
		5DF3EF9B1FE1AFC900A12B3C /* Projectile.swift in Sources */ = {isa = PBXBuildFile; fileRef = 5DF3EF961FE1AFC900A12B3C /* Projectile.swift */; };
		5DF3EF9C1FE1AFC900A12B3C /* Invader.swift in Sources */ = {isa = PBXBuildFile; fileRef = 5DF3EF971FE1AFC900A12B3C /* Invader.swift */; };
		5DF3EF9D1FE1AFC900A12B3C /* InvaderLaser.swift in Sources */ = {isa = PBXBuildFile; fileRef = 5DF3EF981FE1AFC900A12B3C /* InvaderLaser.swift */; };
		5DF3EF9E1FE1AFC900A12B3C /* PlayerLaser.swift in Sources */ = {isa = PBXBuildFile; fileRef = 5DF3EF991FE1AFC900A12B3C /* PlayerLaser.swift */; };
/* End PBXBuildFile section */

/* Begin PBXFileReference section */
		5D0E42CE1FE9A55B008253ED /* Death Scene.swift */ = {isa = PBXFileReference; lastKnownFileType = sourcecode.swift; path = "Death Scene.swift"; sourceTree = "<group>"; };
		5D3EBC531FA256B200DB3E70 /* Aaron_CSP.app */ = {isa = PBXFileReference; explicitFileType = wrapper.application; includeInIndex = 0; path = Aaron_CSP.app; sourceTree = BUILT_PRODUCTS_DIR; };
		5D3EBC561FA256B200DB3E70 /* AppDelegate.swift */ = {isa = PBXFileReference; lastKnownFileType = sourcecode.swift; path = AppDelegate.swift; sourceTree = "<group>"; };
		5D3EBC581FA256B200DB3E70 /* ViewController.swift */ = {isa = PBXFileReference; lastKnownFileType = sourcecode.swift; path = ViewController.swift; sourceTree = "<group>"; };
		5D3EBC5B1FA256B200DB3E70 /* Base */ = {isa = PBXFileReference; lastKnownFileType = file.storyboard; name = Base; path = Base.lproj/Main.storyboard; sourceTree = "<group>"; };
		5D3EBC5D1FA256B200DB3E70 /* Assets.xcassets */ = {isa = PBXFileReference; lastKnownFileType = folder.assetcatalog; path = Assets.xcassets; sourceTree = "<group>"; };
		5D3EBC601FA256B200DB3E70 /* Base */ = {isa = PBXFileReference; lastKnownFileType = file.storyboard; name = Base; path = Base.lproj/LaunchScreen.storyboard; sourceTree = "<group>"; };
		5D3EBC621FA256B200DB3E70 /* Info.plist */ = {isa = PBXFileReference; lastKnownFileType = text.plist.xml; path = Info.plist; sourceTree = "<group>"; };
		5D3EBC6E1FA25B3B00DB3E70 /* CreativityController.swift */ = {isa = PBXFileReference; lastKnownFileType = sourcecode.swift; name = CreativityController.swift; path = ../../CreativityController.swift; sourceTree = "<group>"; };
		5D3EBC701FA25B7E00DB3E70 /* AbstractionController.swift */ = {isa = PBXFileReference; lastKnownFileType = sourcecode.swift; path = AbstractionController.swift; sourceTree = "<group>"; };
		5D3EBC721FA25B9D00DB3E70 /* DataAndInfoController.swift */ = {isa = PBXFileReference; lastKnownFileType = sourcecode.swift; path = DataAndInfoController.swift; sourceTree = "<group>"; };
		5D3EBC741FA25BBC00DB3E70 /* AlgorithmsController.swift */ = {isa = PBXFileReference; lastKnownFileType = sourcecode.swift; path = AlgorithmsController.swift; sourceTree = "<group>"; };
		5D3EBC761FA25BCC00DB3E70 /* ProgrammingController.swift */ = {isa = PBXFileReference; lastKnownFileType = sourcecode.swift; path = ProgrammingController.swift; sourceTree = "<group>"; };
		5D3EBC781FA25C0600DB3E70 /* InternetMasterController.swift */ = {isa = PBXFileReference; lastKnownFileType = sourcecode.swift; path = InternetMasterController.swift; sourceTree = "<group>"; };
		5D3EBC7A1FA25C1B00DB3E70 /* GlobalImpactController.swift */ = {isa = PBXFileReference; lastKnownFileType = sourcecode.swift; path = GlobalImpactController.swift; sourceTree = "<group>"; };
		5D7035171FD9D3730096AF05 /* ArtCell.swift */ = {isa = PBXFileReference; lastKnownFileType = sourcecode.swift; path = ArtCell.swift; sourceTree = "<group>"; };
		5D73FBED1FD72A19005B74BD /* DrawingView.swift */ = {isa = PBXFileReference; lastKnownFileType = sourcecode.swift; path = DrawingView.swift; sourceTree = "<group>"; };
		5D7A6D861FCF39BA004F070A /* InternetDetailViewController.swift */ = {isa = PBXFileReference; lastKnownFileType = sourcecode.swift; path = InternetDetailViewController.swift; sourceTree = "<group>"; };
		5D7A6D891FCF3B97004F070A /* WebKit.framework */ = {isa = PBXFileReference; lastKnownFileType = wrapper.framework; name = WebKit.framework; path = System/Library/Frameworks/WebKit.framework; sourceTree = SDKROOT; };
		5D7A76221FC35FCB00EE2068 /* Collectable.swift */ = {isa = PBXFileReference; lastKnownFileType = sourcecode.swift; path = Collectable.swift; sourceTree = "<group>"; };
		5D7A76241FC3604800EE2068 /* Pokemon.swift */ = {isa = PBXFileReference; lastKnownFileType = sourcecode.swift; path = Pokemon.swift; sourceTree = "<group>"; };
		5DF3EF7F1FE1AB0B00A12B3C /* StartScene.swift */ = {isa = PBXFileReference; fileEncoding = 4; lastKnownFileType = sourcecode.swift; path = StartScene.swift; sourceTree = "<group>"; };
		5DF3EF801FE1AB0B00A12B3C /* GameScene.swift */ = {isa = PBXFileReference; fileEncoding = 4; lastKnownFileType = sourcecode.swift; path = GameScene.swift; sourceTree = "<group>"; };
		5DF3EF811FE1AB0B00A12B3C /* LevelCompleteScene.swift */ = {isa = PBXFileReference; fileEncoding = 4; lastKnownFileType = sourcecode.swift; path = LevelCompleteScene.swift; sourceTree = "<group>"; };
		5DF3EF861FE1ADA700A12B3C /* extra sound.mp3 */ = {isa = PBXFileReference; lastKnownFileType = audio.mp3; path = "extra sound.mp3"; sourceTree = "<group>"; };
		5DF3EF871FE1ADA700A12B3C /* invader sound.mp3 */ = {isa = PBXFileReference; lastKnownFileType = audio.mp3; path = "invader sound.mp3"; sourceTree = "<group>"; };
		5DF3EF881FE1ADA700A12B3C /* boss sound.mp3 */ = {isa = PBXFileReference; lastKnownFileType = audio.mp3; path = "boss sound.mp3"; sourceTree = "<group>"; };
		5DF3EF891FE1ADA700A12B3C /* laser sound.mp3 */ = {isa = PBXFileReference; lastKnownFileType = audio.mp3; path = "laser sound.mp3"; sourceTree = "<group>"; };
		5DF3EF8A1FE1ADA700A12B3C /* powerup sound.mp3 */ = {isa = PBXFileReference; lastKnownFileType = audio.mp3; path = "powerup sound.mp3"; sourceTree = "<group>"; };
		5DF3EF911FE1AECB00A12B3C /* Utilities.swift */ = {isa = PBXFileReference; fileEncoding = 4; lastKnownFileType = sourcecode.swift; path = Utilities.swift; sourceTree = "<group>"; };
		5DF3EF931FE1AF6100A12B3C /* StarField.sks */ = {isa = PBXFileReference; lastKnownFileType = file.sks; path = StarField.sks; sourceTree = "<group>"; };
		5DF3EF951FE1AFC900A12B3C /* Player.swift */ = {isa = PBXFileReference; fileEncoding = 4; lastKnownFileType = sourcecode.swift; path = Player.swift; sourceTree = "<group>"; };
		5DF3EF961FE1AFC900A12B3C /* Projectile.swift */ = {isa = PBXFileReference; fileEncoding = 4; lastKnownFileType = sourcecode.swift; path = Projectile.swift; sourceTree = "<group>"; };
		5DF3EF971FE1AFC900A12B3C /* Invader.swift */ = {isa = PBXFileReference; fileEncoding = 4; lastKnownFileType = sourcecode.swift; path = Invader.swift; sourceTree = "<group>"; };
		5DF3EF981FE1AFC900A12B3C /* InvaderLaser.swift */ = {isa = PBXFileReference; fileEncoding = 4; lastKnownFileType = sourcecode.swift; path = InvaderLaser.swift; sourceTree = "<group>"; };
		5DF3EF991FE1AFC900A12B3C /* PlayerLaser.swift */ = {isa = PBXFileReference; fileEncoding = 4; lastKnownFileType = sourcecode.swift; path = PlayerLaser.swift; sourceTree = "<group>"; };
/* End PBXFileReference section */

/* Begin PBXFrameworksBuildPhase section */
		5D3EBC501FA256B200DB3E70 /* Frameworks */ = {
			isa = PBXFrameworksBuildPhase;
			buildActionMask = 2147483647;
			files = (
				5D7A6D8A1FCF3B97004F070A /* WebKit.framework in Frameworks */,
			);
			runOnlyForDeploymentPostprocessing = 0;
		};
/* End PBXFrameworksBuildPhase section */

/* Begin PBXGroup section */
		5D3EBC4A1FA256B200DB3E70 = {
			isa = PBXGroup;
			children = (
				5D3EBC551FA256B200DB3E70 /* Aaron_CSP */,
				5D3EBC541FA256B200DB3E70 /* Products */,
				5D7A6D881FCF3B97004F070A /* Frameworks */,
			);
			sourceTree = "<group>";
		};
		5D3EBC541FA256B200DB3E70 /* Products */ = {
			isa = PBXGroup;
			children = (
				5D3EBC531FA256B200DB3E70 /* Aaron_CSP.app */,
			);
			name = Products;
			sourceTree = "<group>";
		};
		5D3EBC551FA256B200DB3E70 /* Aaron_CSP */ = {
			isa = PBXGroup;
			children = (
				5D3EBC681FA2573500DB3E70 /* Controller */,
				5D3EBC691FA2578100DB3E70 /* View */,
				5D3EBC6A1FA2578900DB3E70 /* Model */,
				5D3EBC6B1FA257A400DB3E70 /* Resources */,
			);
			path = Aaron_CSP;
			sourceTree = "<group>";
		};
		5D3EBC681FA2573500DB3E70 /* Controller */ = {
			isa = PBXGroup;
			children = (
				5DF3EF851FE1AC8F00A12B3C /* GameController */,
				5D3EBC561FA256B200DB3E70 /* AppDelegate.swift */,
				5D3EBC581FA256B200DB3E70 /* ViewController.swift */,
				5D3EBC6E1FA25B3B00DB3E70 /* CreativityController.swift */,
				5D7035171FD9D3730096AF05 /* ArtCell.swift */,
				5D3EBC701FA25B7E00DB3E70 /* AbstractionController.swift */,
				5D3EBC721FA25B9D00DB3E70 /* DataAndInfoController.swift */,
				5D3EBC741FA25BBC00DB3E70 /* AlgorithmsController.swift */,
				5D3EBC761FA25BCC00DB3E70 /* ProgrammingController.swift */,
				5D3EBC781FA25C0600DB3E70 /* InternetMasterController.swift */,
				5D3EBC7A1FA25C1B00DB3E70 /* GlobalImpactController.swift */,
				5D7A6D861FCF39BA004F070A /* InternetDetailViewController.swift */,
			);
			path = Controller;
			sourceTree = "<group>";
		};
		5D3EBC691FA2578100DB3E70 /* View */ = {
			isa = PBXGroup;
			children = (
				5DF3EF931FE1AF6100A12B3C /* StarField.sks */,
				5D3EBC5A1FA256B200DB3E70 /* Main.storyboard */,
				5D3EBC5F1FA256B200DB3E70 /* LaunchScreen.storyboard */,
				5D73FBED1FD72A19005B74BD /* DrawingView.swift */,
			);
			path = View;
			sourceTree = "<group>";
		};
		5D3EBC6A1FA2578900DB3E70 /* Model */ = {
			isa = PBXGroup;
			children = (
				5DF3EF9F1FE1AFDD00A12B3C /* Game Models */,
				5D7A76221FC35FCB00EE2068 /* Collectable.swift */,
				5D7A76241FC3604800EE2068 /* Pokemon.swift */,
			);
			path = Model;
			sourceTree = "<group>";
		};
		5D3EBC6B1FA257A400DB3E70 /* Resources */ = {
			isa = PBXGroup;
			children = (
				5DF3EF911FE1AECB00A12B3C /* Utilities.swift */,
				5DF3EF901FE1ADF100A12B3C /* Sounds */,
				5D3EBC621FA256B200DB3E70 /* Info.plist */,
				5D3EBC5D1FA256B200DB3E70 /* Assets.xcassets */,
			);
			path = Resources;
			sourceTree = "<group>";
		};
		5D7A6D881FCF3B97004F070A /* Frameworks */ = {
			isa = PBXGroup;
			children = (
				5D7A6D891FCF3B97004F070A /* WebKit.framework */,
			);
			name = Frameworks;
			sourceTree = "<group>";
		};
		5DF3EF851FE1AC8F00A12B3C /* GameController */ = {
			isa = PBXGroup;
			children = (
				5DF3EF801FE1AB0B00A12B3C /* GameScene.swift */,
				5DF3EF811FE1AB0B00A12B3C /* LevelCompleteScene.swift */,
				5DF3EF7F1FE1AB0B00A12B3C /* StartScene.swift */,
				5D0E42CE1FE9A55B008253ED /* Death Scene.swift */,
			);
			path = GameController;
			sourceTree = "<group>";
		};
		5DF3EF901FE1ADF100A12B3C /* Sounds */ = {
			isa = PBXGroup;
			children = (
				5DF3EF881FE1ADA700A12B3C /* boss sound.mp3 */,
				5DF3EF861FE1ADA700A12B3C /* extra sound.mp3 */,
				5DF3EF871FE1ADA700A12B3C /* invader sound.mp3 */,
				5DF3EF891FE1ADA700A12B3C /* laser sound.mp3 */,
				5DF3EF8A1FE1ADA700A12B3C /* powerup sound.mp3 */,
			);
			path = Sounds;
			sourceTree = "<group>";
		};
		5DF3EF9F1FE1AFDD00A12B3C /* Game Models */ = {
			isa = PBXGroup;
			children = (
				5DF3EF971FE1AFC900A12B3C /* Invader.swift */,
				5DF3EF981FE1AFC900A12B3C /* InvaderLaser.swift */,
				5DF3EF951FE1AFC900A12B3C /* Player.swift */,
				5DF3EF991FE1AFC900A12B3C /* PlayerLaser.swift */,
				5DF3EF961FE1AFC900A12B3C /* Projectile.swift */,
			);
			path = "Game Models";
			sourceTree = "<group>";
		};
/* End PBXGroup section */

/* Begin PBXNativeTarget section */
		5D3EBC521FA256B200DB3E70 /* Aaron_CSP */ = {
			isa = PBXNativeTarget;
			buildConfigurationList = 5D3EBC651FA256B200DB3E70 /* Build configuration list for PBXNativeTarget "Aaron_CSP" */;
			buildPhases = (
				5D3EBC4F1FA256B200DB3E70 /* Sources */,
				5D3EBC501FA256B200DB3E70 /* Frameworks */,
				5D3EBC511FA256B200DB3E70 /* Resources */,
			);
			buildRules = (
			);
			dependencies = (
			);
			name = Aaron_CSP;
			productName = Aaron_CSP;
			productReference = 5D3EBC531FA256B200DB3E70 /* Aaron_CSP.app */;
			productType = "com.apple.product-type.application";
		};
/* End PBXNativeTarget section */

/* Begin PBXProject section */
		5D3EBC4B1FA256B200DB3E70 /* Project object */ = {
			isa = PBXProject;
			attributes = {
				LastSwiftUpdateCheck = 0900;
				LastUpgradeCheck = 0900;
				ORGANIZATIONNAME = CTEC;
				TargetAttributes = {
					5D3EBC521FA256B200DB3E70 = {
						CreatedOnToolsVersion = 9.0;
						ProvisioningStyle = Automatic;
					};
				};
			};
			buildConfigurationList = 5D3EBC4E1FA256B200DB3E70 /* Build configuration list for PBXProject "Aaron_CSP" */;
			compatibilityVersion = "Xcode 8.0";
			developmentRegion = en;
			hasScannedForEncodings = 0;
			knownRegions = (
				en,
				Base,
			);
			mainGroup = 5D3EBC4A1FA256B200DB3E70;
			productRefGroup = 5D3EBC541FA256B200DB3E70 /* Products */;
			projectDirPath = "";
			projectRoot = "";
			targets = (
				5D3EBC521FA256B200DB3E70 /* Aaron_CSP */,
			);
		};
/* End PBXProject section */

/* Begin PBXResourcesBuildPhase section */
		5D3EBC511FA256B200DB3E70 /* Resources */ = {
			isa = PBXResourcesBuildPhase;
			buildActionMask = 2147483647;
			files = (
				5D3EBC611FA256B200DB3E70 /* LaunchScreen.storyboard in Resources */,
				5D3EBC5E1FA256B200DB3E70 /* Assets.xcassets in Resources */,
				5DF3EF8F1FE1ADA700A12B3C /* powerup sound.mp3 in Resources */,
				5DF3EF8B1FE1ADA700A12B3C /* extra sound.mp3 in Resources */,
				5DF3EF8C1FE1ADA700A12B3C /* invader sound.mp3 in Resources */,
				5DF3EF8D1FE1ADA700A12B3C /* boss sound.mp3 in Resources */,
				5DF3EF941FE1AF6100A12B3C /* StarField.sks in Resources */,
				5DF3EF8E1FE1ADA700A12B3C /* laser sound.mp3 in Resources */,
				5D3EBC5C1FA256B200DB3E70 /* Main.storyboard in Resources */,
			);
			runOnlyForDeploymentPostprocessing = 0;
		};
/* End PBXResourcesBuildPhase section */

/* Begin PBXSourcesBuildPhase section */
		5D3EBC4F1FA256B200DB3E70 /* Sources */ = {
			isa = PBXSourcesBuildPhase;
			buildActionMask = 2147483647;
			files = (
				5D0E42CF1FE9A55B008253ED /* Death Scene.swift in Sources */,
				5DF3EF9B1FE1AFC900A12B3C /* Projectile.swift in Sources */,
				5DF3EF9D1FE1AFC900A12B3C /* InvaderLaser.swift in Sources */,
				5D7A76251FC3604800EE2068 /* Pokemon.swift in Sources */,
				5D7035181FD9D3730096AF05 /* ArtCell.swift in Sources */,
				5DF3EF831FE1AB0B00A12B3C /* GameScene.swift in Sources */,
				5DF3EF841FE1AB0B00A12B3C /* LevelCompleteScene.swift in Sources */,
				5D7A76231FC35FCB00EE2068 /* Collectable.swift in Sources */,
				5D3EBC7B1FA25C1B00DB3E70 /* GlobalImpactController.swift in Sources */,
				5DF3EF921FE1AECB00A12B3C /* Utilities.swift in Sources */,
				5D3EBC791FA25C0600DB3E70 /* InternetMasterController.swift in Sources */,
				5D7A6D871FCF39BA004F070A /* InternetDetailViewController.swift in Sources */,
				5DF3EF9E1FE1AFC900A12B3C /* PlayerLaser.swift in Sources */,
				5D73FBEE1FD72A19005B74BD /* DrawingView.swift in Sources */,
				5D3EBC731FA25B9D00DB3E70 /* DataAndInfoController.swift in Sources */,
				5D3EBC771FA25BCC00DB3E70 /* ProgrammingController.swift in Sources */,
				5D3EBC751FA25BBC00DB3E70 /* AlgorithmsController.swift in Sources */,
				5D3EBC711FA25B7E00DB3E70 /* AbstractionController.swift in Sources */,
				5D3EBC6F1FA25B3B00DB3E70 /* CreativityController.swift in Sources */,
				5DF3EF9C1FE1AFC900A12B3C /* Invader.swift in Sources */,
				5D3EBC591FA256B200DB3E70 /* ViewController.swift in Sources */,
				5DF3EF9A1FE1AFC900A12B3C /* Player.swift in Sources */,
				5DF3EF821FE1AB0B00A12B3C /* StartScene.swift in Sources */,
				5D3EBC571FA256B200DB3E70 /* AppDelegate.swift in Sources */,
			);
			runOnlyForDeploymentPostprocessing = 0;
		};
/* End PBXSourcesBuildPhase section */

/* Begin PBXVariantGroup section */
		5D3EBC5A1FA256B200DB3E70 /* Main.storyboard */ = {
			isa = PBXVariantGroup;
			children = (
				5D3EBC5B1FA256B200DB3E70 /* Base */,
			);
			name = Main.storyboard;
			sourceTree = "<group>";
		};
		5D3EBC5F1FA256B200DB3E70 /* LaunchScreen.storyboard */ = {
			isa = PBXVariantGroup;
			children = (
				5D3EBC601FA256B200DB3E70 /* Base */,
			);
			name = LaunchScreen.storyboard;
			sourceTree = "<group>";
		};
/* End PBXVariantGroup section */

/* Begin XCBuildConfiguration section */
		5D3EBC631FA256B200DB3E70 /* Debug */ = {
			isa = XCBuildConfiguration;
			buildSettings = {
				ALWAYS_SEARCH_USER_PATHS = NO;
				CLANG_ANALYZER_NONNULL = YES;
				CLANG_ANALYZER_NUMBER_OBJECT_CONVERSION = YES_AGGRESSIVE;
				CLANG_CXX_LANGUAGE_STANDARD = "gnu++14";
				CLANG_CXX_LIBRARY = "libc++";
				CLANG_ENABLE_MODULES = YES;
				CLANG_ENABLE_OBJC_ARC = YES;
				CLANG_WARN_BLOCK_CAPTURE_AUTORELEASING = YES;
				CLANG_WARN_BOOL_CONVERSION = YES;
				CLANG_WARN_COMMA = YES;
				CLANG_WARN_CONSTANT_CONVERSION = YES;
				CLANG_WARN_DIRECT_OBJC_ISA_USAGE = YES_ERROR;
				CLANG_WARN_DOCUMENTATION_COMMENTS = YES;
				CLANG_WARN_EMPTY_BODY = YES;
				CLANG_WARN_ENUM_CONVERSION = YES;
				CLANG_WARN_INFINITE_RECURSION = YES;
				CLANG_WARN_INT_CONVERSION = YES;
				CLANG_WARN_NON_LITERAL_NULL_CONVERSION = YES;
				CLANG_WARN_OBJC_LITERAL_CONVERSION = YES;
				CLANG_WARN_OBJC_ROOT_CLASS = YES_ERROR;
				CLANG_WARN_RANGE_LOOP_ANALYSIS = YES;
				CLANG_WARN_STRICT_PROTOTYPES = YES;
				CLANG_WARN_SUSPICIOUS_MOVE = YES;
				CLANG_WARN_UNGUARDED_AVAILABILITY = YES_AGGRESSIVE;
				CLANG_WARN_UNREACHABLE_CODE = YES;
				CLANG_WARN__DUPLICATE_METHOD_MATCH = YES;
				CODE_SIGN_IDENTITY = "iPhone Developer";
				COPY_PHASE_STRIP = NO;
				DEBUG_INFORMATION_FORMAT = dwarf;
				ENABLE_STRICT_OBJC_MSGSEND = YES;
				ENABLE_TESTABILITY = YES;
				GCC_C_LANGUAGE_STANDARD = gnu11;
				GCC_DYNAMIC_NO_PIC = NO;
				GCC_NO_COMMON_BLOCKS = YES;
				GCC_OPTIMIZATION_LEVEL = 0;
				GCC_PREPROCESSOR_DEFINITIONS = (
					"DEBUG=1",
					"$(inherited)",
				);
				GCC_WARN_64_TO_32_BIT_CONVERSION = YES;
				GCC_WARN_ABOUT_RETURN_TYPE = YES_ERROR;
				GCC_WARN_UNDECLARED_SELECTOR = YES;
				GCC_WARN_UNINITIALIZED_AUTOS = YES_AGGRESSIVE;
				GCC_WARN_UNUSED_FUNCTION = YES;
				GCC_WARN_UNUSED_VARIABLE = YES;
				IPHONEOS_DEPLOYMENT_TARGET = 11.0;
				MTL_ENABLE_DEBUG_INFO = YES;
				ONLY_ACTIVE_ARCH = YES;
				SDKROOT = iphoneos;
				SWIFT_ACTIVE_COMPILATION_CONDITIONS = DEBUG;
				SWIFT_OPTIMIZATION_LEVEL = "-Onone";
			};
			name = Debug;
		};
		5D3EBC641FA256B200DB3E70 /* Release */ = {
			isa = XCBuildConfiguration;
			buildSettings = {
				ALWAYS_SEARCH_USER_PATHS = NO;
				CLANG_ANALYZER_NONNULL = YES;
				CLANG_ANALYZER_NUMBER_OBJECT_CONVERSION = YES_AGGRESSIVE;
				CLANG_CXX_LANGUAGE_STANDARD = "gnu++14";
				CLANG_CXX_LIBRARY = "libc++";
				CLANG_ENABLE_MODULES = YES;
				CLANG_ENABLE_OBJC_ARC = YES;
				CLANG_WARN_BLOCK_CAPTURE_AUTORELEASING = YES;
				CLANG_WARN_BOOL_CONVERSION = YES;
				CLANG_WARN_COMMA = YES;
				CLANG_WARN_CONSTANT_CONVERSION = YES;
				CLANG_WARN_DIRECT_OBJC_ISA_USAGE = YES_ERROR;
				CLANG_WARN_DOCUMENTATION_COMMENTS = YES;
				CLANG_WARN_EMPTY_BODY = YES;
				CLANG_WARN_ENUM_CONVERSION = YES;
				CLANG_WARN_INFINITE_RECURSION = YES;
				CLANG_WARN_INT_CONVERSION = YES;
				CLANG_WARN_NON_LITERAL_NULL_CONVERSION = YES;
				CLANG_WARN_OBJC_LITERAL_CONVERSION = YES;
				CLANG_WARN_OBJC_ROOT_CLASS = YES_ERROR;
				CLANG_WARN_RANGE_LOOP_ANALYSIS = YES;
				CLANG_WARN_STRICT_PROTOTYPES = YES;
				CLANG_WARN_SUSPICIOUS_MOVE = YES;
				CLANG_WARN_UNGUARDED_AVAILABILITY = YES_AGGRESSIVE;
				CLANG_WARN_UNREACHABLE_CODE = YES;
				CLANG_WARN__DUPLICATE_METHOD_MATCH = YES;
				CODE_SIGN_IDENTITY = "iPhone Developer";
				COPY_PHASE_STRIP = NO;
				DEBUG_INFORMATION_FORMAT = "dwarf-with-dsym";
				ENABLE_NS_ASSERTIONS = NO;
				ENABLE_STRICT_OBJC_MSGSEND = YES;
				GCC_C_LANGUAGE_STANDARD = gnu11;
				GCC_NO_COMMON_BLOCKS = YES;
				GCC_WARN_64_TO_32_BIT_CONVERSION = YES;
				GCC_WARN_ABOUT_RETURN_TYPE = YES_ERROR;
				GCC_WARN_UNDECLARED_SELECTOR = YES;
				GCC_WARN_UNINITIALIZED_AUTOS = YES_AGGRESSIVE;
				GCC_WARN_UNUSED_FUNCTION = YES;
				GCC_WARN_UNUSED_VARIABLE = YES;
				IPHONEOS_DEPLOYMENT_TARGET = 11.0;
				MTL_ENABLE_DEBUG_INFO = NO;
				SDKROOT = iphoneos;
				SWIFT_OPTIMIZATION_LEVEL = "-Owholemodule";
				VALIDATE_PRODUCT = YES;
			};
			name = Release;
		};
		5D3EBC661FA256B200DB3E70 /* Debug */ = {
			isa = XCBuildConfiguration;
			buildSettings = {
				ASSETCATALOG_COMPILER_APPICON_NAME = AppIcon;
				CODE_SIGN_STYLE = Automatic;
				DEVELOPMENT_TEAM = X77K8LBKTS;
				INFOPLIST_FILE = "$(SRCROOT)/Aaron_CSP/Resources/Info.plist";
				LD_RUNPATH_SEARCH_PATHS = "$(inherited) @executable_path/Frameworks";
				PRODUCT_BUNDLE_IDENTIFIER = "CTEC.Aaron-CSP";
				PRODUCT_NAME = "$(TARGET_NAME)";
				SWIFT_VERSION = 4.0;
				TARGETED_DEVICE_FAMILY = "1,2";
			};
			name = Debug;
		};
		5D3EBC671FA256B200DB3E70 /* Release */ = {
			isa = XCBuildConfiguration;
			buildSettings = {
				ASSETCATALOG_COMPILER_APPICON_NAME = AppIcon;
				CODE_SIGN_STYLE = Automatic;
				DEVELOPMENT_TEAM = X77K8LBKTS;
				INFOPLIST_FILE = "$(SRCROOT)/Aaron_CSP/Resources/Info.plist";
				LD_RUNPATH_SEARCH_PATHS = "$(inherited) @executable_path/Frameworks";
				PRODUCT_BUNDLE_IDENTIFIER = "CTEC.Aaron-CSP";
				PRODUCT_NAME = "$(TARGET_NAME)";
				SWIFT_VERSION = 4.0;
				TARGETED_DEVICE_FAMILY = "1,2";
			};
			name = Release;
		};
/* End XCBuildConfiguration section */

/* Begin XCConfigurationList section */
		5D3EBC4E1FA256B200DB3E70 /* Build configuration list for PBXProject "Aaron_CSP" */ = {
			isa = XCConfigurationList;
			buildConfigurations = (
				5D3EBC631FA256B200DB3E70 /* Debug */,
				5D3EBC641FA256B200DB3E70 /* Release */,
			);
			defaultConfigurationIsVisible = 0;
			defaultConfigurationName = Release;
		};
		5D3EBC651FA256B200DB3E70 /* Build configuration list for PBXNativeTarget "Aaron_CSP" */ = {
			isa = XCConfigurationList;
			buildConfigurations = (
				5D3EBC661FA256B200DB3E70 /* Debug */,
				5D3EBC671FA256B200DB3E70 /* Release */,
			);
			defaultConfigurationIsVisible = 0;
			defaultConfigurationName = Release;
		};
/* End XCConfigurationList section */
	};
	rootObject = 5D3EBC4B1FA256B200DB3E70 /* Project object */;
}
